
Microsoft Visual Studio Solution File, Format Version 12.00
# Visual Studio Version 16
VisualStudioVersion = 16.0.29911.84
MinimumVisualStudioVersion = 10.0.40219.1
Project("{888888A0-9F3D-457C-B088-3A5042F75D52}") = "DateTimePaste", "DateTimePaste.pyproj", "{43CAC40D-D1D0-4B47-A46D-44A328903D04}"
EndProject
Global
	GlobalSection(SolutionConfigurationPlatforms) = preSolution
		Debug|Any CPU = Debug|Any CPU
		Release|Any CPU = Release|Any CPU
	EndGlobalSection
	GlobalSection(ProjectConfigurationPlatforms) = postSolution
		{43CAC40D-D1D0-4B47-A46D-44A328903D04}.Debug|Any CPU.ActiveCfg = Debug|Any CPU
		{43CAC40D-D1D0-4B47-A46D-44A328903D04}.Release|Any CPU.ActiveCfg = Release|Any CPU
	EndGlobalSection
	GlobalSection(SolutionProperties) = preSolution
		HideSolutionNode = FALSE
	EndGlobalSection
	GlobalSection(ExtensibilityGlobals) = postSolution
		SolutionGuid = {13F08572-EBAE-4165-B600-1A0712C0B3B1}
	EndGlobalSection
EndGlobal
